
Microsoft Visual Studio Solution File, Format Version 12.00
# Visual Studio 15
VisualStudioVersion = 15.0.27703.2042
MinimumVisualStudioVersion = 10.0.40219.1
Project("{9A19103F-16F7-4668-BE54-9A1E7A4F7556}") = "Elvanto.Net", "Elvanto.Net\Elvanto.Net.csproj", "{38AA202B-0179-4A74-928C-4C7B63C0DE09}"
EndProject
Project("{9A19103F-16F7-4668-BE54-9A1E7A4F7556}") = "Elvanto.Net.Tests", "Tests\Elvanto.Net.Tests\Elvanto.Net.Tests.csproj", "{83674F83-FCEB-4EF4-99AF-C0010CA6A7A2}"
EndProject
Global
	GlobalSection(SolutionConfigurationPlatforms) = preSolution
		Debug|Any CPU = Debug|Any CPU
		Release|Any CPU = Release|Any CPU
	EndGlobalSection
	GlobalSection(ProjectConfigurationPlatforms) = postSolution
		{38AA202B-0179-4A74-928C-4C7B63C0DE09}.Debug|Any CPU.ActiveCfg = Debug|Any CPU
		{38AA202B-0179-4A74-928C-4C7B63C0DE09}.Debug|Any CPU.Build.0 = Debug|Any CPU
		{38AA202B-0179-4A74-928C-4C7B63C0DE09}.Release|Any CPU.ActiveCfg = Release|Any CPU
		{38AA202B-0179-4A74-928C-4C7B63C0DE09}.Release|Any CPU.Build.0 = Release|Any CPU
		{83674F83-FCEB-4EF4-99AF-C0010CA6A7A2}.Debug|Any CPU.ActiveCfg = Release|Any CPU
		{83674F83-FCEB-4EF4-99AF-C0010CA6A7A2}.Debug|Any CPU.Build.0 = Release|Any CPU
		{83674F83-FCEB-4EF4-99AF-C0010CA6A7A2}.Release|Any CPU.ActiveCfg = Release|Any CPU
	EndGlobalSection
	GlobalSection(SolutionProperties) = preSolution
		HideSolutionNode = FALSE
	EndGlobalSection
	GlobalSection(ExtensibilityGlobals) = postSolution
		SolutionGuid = {4DF380CA-4C9D-4E5E-8A17-8FDB70E396A4}
	EndGlobalSection
EndGlobal
